
Microsoft Visual Studio Solution File, Format Version 12.00
# Visual Studio Version 16
VisualStudioVersion = 16.0.29418.71
MinimumVisualStudioVersion = 10.0.40219.1
Project("{FAE04EC0-301F-11D3-BF4B-00C04F79EFBC}") = "AlatereTracker", "AlatereTracker\AlatereTracker.csproj", "{6E4973EC-D957-4D70-A5F0-0F15F50C804F}"
EndProject
Global
	GlobalSection(SolutionConfigurationPlatforms) = preSolution
		Debug|Any CPU = Debug|Any CPU
		Release|Any CPU = Release|Any CPU
	EndGlobalSection
	GlobalSection(ProjectConfigurationPlatforms) = postSolution
		{6E4973EC-D957-4D70-A5F0-0F15F50C804F}.Debug|Any CPU.ActiveCfg = Debug|Any CPU
		{6E4973EC-D957-4D70-A5F0-0F15F50C804F}.Debug|Any CPU.Build.0 = Debug|Any CPU
		{6E4973EC-D957-4D70-A5F0-0F15F50C804F}.Release|Any CPU.ActiveCfg = Release|Any CPU
		{6E4973EC-D957-4D70-A5F0-0F15F50C804F}.Release|Any CPU.Build.0 = Release|Any CPU
	EndGlobalSection
	GlobalSection(SolutionProperties) = preSolution
		HideSolutionNode = FALSE
	EndGlobalSection
	GlobalSection(ExtensibilityGlobals) = postSolution
		SolutionGuid = {C738E468-92E9-4BE4-9A18-55B4A4D51768}
	EndGlobalSection
EndGlobal
